
Microsoft Visual Studio Solution File, Format Version 12.00
# Visual Studio 14
VisualStudioVersion = 14.0.24720.0
MinimumVisualStudioVersion = 10.0.40219.1
Project("{FAE04EC0-301F-11D3-BF4B-00C04F79EFBC}") = "DZ1", "DZ1\DZ1.csproj", "{C972AFCF-E605-4846-978E-76147DEC20AE}"
EndProject
Project("{FAE04EC0-301F-11D3-BF4B-00C04F79EFBC}") = "DZ2", "DZ2\DZ2.csproj", "{D745F6E1-9275-40C9-8ADD-800FA22E715D}"
EndProject
Project("{FAE04EC0-301F-11D3-BF4B-00C04F79EFBC}") = "DZ3", "DZ3\DZ3.csproj", "{32C8184C-7AEA-4E91-B58E-83872FF997F7}"
EndProject
Project("{FAE04EC0-301F-11D3-BF4B-00C04F79EFBC}") = "DZ4", "DZ4\DZ4.csproj", "{6DA3B7B1-498D-4F61-80B4-CC8469395354}"
EndProject
Project("{FAE04EC0-301F-11D3-BF4B-00C04F79EFBC}") = "Lab1", "Lab1\Lab1.csproj", "{F688AF20-32EB-44FA-8EDE-A294BD24EB81}"
EndProject
Project("{FAE04EC0-301F-11D3-BF4B-00C04F79EFBC}") = "Lab2_1", "Lab2_1\Lab2_1.csproj", "{AD96AD40-95B7-45DD-97C0-0402CAAC0991}"
EndProject
Project("{FAE04EC0-301F-11D3-BF4B-00C04F79EFBC}") = "Lab2_2", "Lab2_2\Lab2_2.csproj", "{C2A02860-7C8A-4F1D-8A08-E109F34B55EA}"
EndProject
Project("{FAE04EC0-301F-11D3-BF4B-00C04F79EFBC}") = "Lab3", "Lab3\Lab3.csproj", "{89A33496-A462-490E-A46A-5589627B8AA5}"
EndProject
Project("{FAE04EC0-301F-11D3-BF4B-00C04F79EFBC}") = "DZ5", "DZ5\DZ5.csproj", "{F141B64F-DA93-4D2E-9041-98A1366505AC}"
EndProject
Project("{FAE04EC0-301F-11D3-BF4B-00C04F79EFBC}") = "Lab4", "Lab4\Lab4.csproj", "{5E46E160-EAE1-4115-ABAD-852D4E37C697}"
EndProject
Global
	GlobalSection(SolutionConfigurationPlatforms) = preSolution
		Debug|Any CPU = Debug|Any CPU
		Release|Any CPU = Release|Any CPU
	EndGlobalSection
	GlobalSection(ProjectConfigurationPlatforms) = postSolution
		{C972AFCF-E605-4846-978E-76147DEC20AE}.Debug|Any CPU.ActiveCfg = Debug|Any CPU
		{C972AFCF-E605-4846-978E-76147DEC20AE}.Debug|Any CPU.Build.0 = Debug|Any CPU
		{C972AFCF-E605-4846-978E-76147DEC20AE}.Release|Any CPU.ActiveCfg = Release|Any CPU
		{C972AFCF-E605-4846-978E-76147DEC20AE}.Release|Any CPU.Build.0 = Release|Any CPU
		{D745F6E1-9275-40C9-8ADD-800FA22E715D}.Debug|Any CPU.ActiveCfg = Debug|Any CPU
		{D745F6E1-9275-40C9-8ADD-800FA22E715D}.Debug|Any CPU.Build.0 = Debug|Any CPU
		{D745F6E1-9275-40C9-8ADD-800FA22E715D}.Release|Any CPU.ActiveCfg = Release|Any CPU
		{D745F6E1-9275-40C9-8ADD-800FA22E715D}.Release|Any CPU.Build.0 = Release|Any CPU
		{32C8184C-7AEA-4E91-B58E-83872FF997F7}.Debug|Any CPU.ActiveCfg = Debug|Any CPU
		{32C8184C-7AEA-4E91-B58E-83872FF997F7}.Debug|Any CPU.Build.0 = Debug|Any CPU
		{32C8184C-7AEA-4E91-B58E-83872FF997F7}.Release|Any CPU.ActiveCfg = Release|Any CPU
		{32C8184C-7AEA-4E91-B58E-83872FF997F7}.Release|Any CPU.Build.0 = Release|Any CPU
		{6DA3B7B1-498D-4F61-80B4-CC8469395354}.Debug|Any CPU.ActiveCfg = Debug|Any CPU
		{6DA3B7B1-498D-4F61-80B4-CC8469395354}.Debug|Any CPU.Build.0 = Debug|Any CPU
		{6DA3B7B1-498D-4F61-80B4-CC8469395354}.Release|Any CPU.ActiveCfg = Release|Any CPU
		{6DA3B7B1-498D-4F61-80B4-CC8469395354}.Release|Any CPU.Build.0 = Release|Any CPU
		{F688AF20-32EB-44FA-8EDE-A294BD24EB81}.Debug|Any CPU.ActiveCfg = Debug|Any CPU
		{F688AF20-32EB-44FA-8EDE-A294BD24EB81}.Debug|Any CPU.Build.0 = Debug|Any CPU
		{F688AF20-32EB-44FA-8EDE-A294BD24EB81}.Release|Any CPU.ActiveCfg = Release|Any CPU
		{F688AF20-32EB-44FA-8EDE-A294BD24EB81}.Release|Any CPU.Build.0 = Release|Any CPU
		{AD96AD40-95B7-45DD-97C0-0402CAAC0991}.Debug|Any CPU.ActiveCfg = Debug|Any CPU
		{AD96AD40-95B7-45DD-97C0-0402CAAC0991}.Debug|Any CPU.Build.0 = Debug|Any CPU
		{AD96AD40-95B7-45DD-97C0-0402CAAC0991}.Release|Any CPU.ActiveCfg = Release|Any CPU
		{AD96AD40-95B7-45DD-97C0-0402CAAC0991}.Release|Any CPU.Build.0 = Release|Any CPU
		{C2A02860-7C8A-4F1D-8A08-E109F34B55EA}.Debug|Any CPU.ActiveCfg = Debug|Any CPU
		{C2A02860-7C8A-4F1D-8A08-E109F34B55EA}.Debug|Any CPU.Build.0 = Debug|Any CPU
		{C2A02860-7C8A-4F1D-8A08-E109F34B55EA}.Release|Any CPU.ActiveCfg = Release|Any CPU
		{C2A02860-7C8A-4F1D-8A08-E109F34B55EA}.Release|Any CPU.Build.0 = Release|Any CPU
		{89A33496-A462-490E-A46A-5589627B8AA5}.Debug|Any CPU.ActiveCfg = Debug|Any CPU
		{89A33496-A462-490E-A46A-5589627B8AA5}.Debug|Any CPU.Build.0 = Debug|Any CPU
		{89A33496-A462-490E-A46A-5589627B8AA5}.Release|Any CPU.ActiveCfg = Release|Any CPU
		{89A33496-A462-490E-A46A-5589627B8AA5}.Release|Any CPU.Build.0 = Release|Any CPU
		{F141B64F-DA93-4D2E-9041-98A1366505AC}.Debug|Any CPU.ActiveCfg = Debug|Any CPU
		{F141B64F-DA93-4D2E-9041-98A1366505AC}.Debug|Any CPU.Build.0 = Debug|Any CPU
		{F141B64F-DA93-4D2E-9041-98A1366505AC}.Release|Any CPU.ActiveCfg = Release|Any CPU
		{F141B64F-DA93-4D2E-9041-98A1366505AC}.Release|Any CPU.Build.0 = Release|Any CPU
		{5E46E160-EAE1-4115-ABAD-852D4E37C697}.Debug|Any CPU.ActiveCfg = Debug|Any CPU
		{5E46E160-EAE1-4115-ABAD-852D4E37C697}.Debug|Any CPU.Build.0 = Debug|Any CPU
		{5E46E160-EAE1-4115-ABAD-852D4E37C697}.Release|Any CPU.ActiveCfg = Release|Any CPU
		{5E46E160-EAE1-4115-ABAD-852D4E37C697}.Release|Any CPU.Build.0 = Release|Any CPU
	EndGlobalSection
	GlobalSection(SolutionProperties) = preSolution
		HideSolutionNode = FALSE
	EndGlobalSection
EndGlobal
