
Microsoft Visual Studio Solution File, Format Version 12.00
# Visual Studio 14
VisualStudioVersion = 14.0.24720.0
MinimumVisualStudioVersion = 10.0.40219.1
Project("{FAE04EC0-301F-11D3-BF4B-00C04F79EFBC}") = "DZ1", "DZ1\DZ1.csproj", "{C972AFCF-E605-4846-978E-76147DEC20AE}"
EndProject
Project("{FAE04EC0-301F-11D3-BF4B-00C04F79EFBC}") = "DZ2", "DZ2\DZ2.csproj", "{D745F6E1-9275-40C9-8ADD-800FA22E715D}"
EndProject
Global
	GlobalSection(SolutionConfigurationPlatforms) = preSolution
		Debug|Any CPU = Debug|Any CPU
		Release|Any CPU = Release|Any CPU
	EndGlobalSection
	GlobalSection(ProjectConfigurationPlatforms) = postSolution
		{C972AFCF-E605-4846-978E-76147DEC20AE}.Debug|Any CPU.ActiveCfg = Debug|Any CPU
		{C972AFCF-E605-4846-978E-76147DEC20AE}.Debug|Any CPU.Build.0 = Debug|Any CPU
		{C972AFCF-E605-4846-978E-76147DEC20AE}.Release|Any CPU.ActiveCfg = Release|Any CPU
		{C972AFCF-E605-4846-978E-76147DEC20AE}.Release|Any CPU.Build.0 = Release|Any CPU
		{D745F6E1-9275-40C9-8ADD-800FA22E715D}.Debug|Any CPU.ActiveCfg = Debug|Any CPU
		{D745F6E1-9275-40C9-8ADD-800FA22E715D}.Debug|Any CPU.Build.0 = Debug|Any CPU
		{D745F6E1-9275-40C9-8ADD-800FA22E715D}.Release|Any CPU.ActiveCfg = Release|Any CPU
		{D745F6E1-9275-40C9-8ADD-800FA22E715D}.Release|Any CPU.Build.0 = Release|Any CPU
	EndGlobalSection
	GlobalSection(SolutionProperties) = preSolution
		HideSolutionNode = FALSE
	EndGlobalSection
EndGlobal
